// !$*UTF8*$!
{
	archiveVersion = 1;
	classes = {
	};
	objectVersion = 56;
	objects = {

/* Begin PBXBuildFile section */
		23B77FFC2A567F0700656233 /* AppDelegate.swift in Sources */ = {isa = PBXBuildFile; fileRef = 23B77FFB2A567F0700656233 /* AppDelegate.swift */; };
		23B77FFE2A567F0700656233 /* SceneDelegate.swift in Sources */ = {isa = PBXBuildFile; fileRef = 23B77FFD2A567F0700656233 /* SceneDelegate.swift */; };
		23B780002A567F0700656233 /* ViewController.swift in Sources */ = {isa = PBXBuildFile; fileRef = 23B77FFF2A567F0700656233 /* ViewController.swift */; };
		23B780032A567F0700656233 /* Main.storyboard in Resources */ = {isa = PBXBuildFile; fileRef = 23B780012A567F0700656233 /* Main.storyboard */; };
		23B780052A567F0800656233 /* Assets.xcassets in Resources */ = {isa = PBXBuildFile; fileRef = 23B780042A567F0800656233 /* Assets.xcassets */; };
		23B780082A567F0800656233 /* LaunchScreen.storyboard in Resources */ = {isa = PBXBuildFile; fileRef = 23B780062A567F0800656233 /* LaunchScreen.storyboard */; };
		23B780132A567F0800656233 /* TabTouchTests.swift in Sources */ = {isa = PBXBuildFile; fileRef = 23B780122A567F0800656233 /* TabTouchTests.swift */; };
		23B7801D2A567F0800656233 /* TabTouchUITests.swift in Sources */ = {isa = PBXBuildFile; fileRef = 23B7801C2A567F0800656233 /* TabTouchUITests.swift */; };
		23B7801F2A567F0800656233 /* TabTouchUITestsLaunchTests.swift in Sources */ = {isa = PBXBuildFile; fileRef = 23B7801E2A567F0800656233 /* TabTouchUITestsLaunchTests.swift */; };
/* End PBXBuildFile section */

/* Begin PBXContainerItemProxy section */
		23B7800F2A567F0800656233 /* PBXContainerItemProxy */ = {
			isa = PBXContainerItemProxy;
			containerPortal = 23B77FF02A567F0700656233 /* Project object */;
			proxyType = 1;
			remoteGlobalIDString = 23B77FF72A567F0700656233;
			remoteInfo = TabTouch;
		};
		23B780192A567F0800656233 /* PBXContainerItemProxy */ = {
			isa = PBXContainerItemProxy;
			containerPortal = 23B77FF02A567F0700656233 /* Project object */;
			proxyType = 1;
			remoteGlobalIDString = 23B77FF72A567F0700656233;
			remoteInfo = TabTouch;
		};
/* End PBXContainerItemProxy section */

/* Begin PBXFileReference section */
		23B77FF82A567F0700656233 /* TabTouch.app */ = {isa = PBXFileReference; explicitFileType = wrapper.application; includeInIndex = 0; path = TabTouch.app; sourceTree = BUILT_PRODUCTS_DIR; };
		23B77FFB2A567F0700656233 /* AppDelegate.swift */ = {isa = PBXFileReference; lastKnownFileType = sourcecode.swift; path = AppDelegate.swift; sourceTree = "<group>"; };
		23B77FFD2A567F0700656233 /* SceneDelegate.swift */ = {isa = PBXFileReference; lastKnownFileType = sourcecode.swift; path = SceneDelegate.swift; sourceTree = "<group>"; };
		23B77FFF2A567F0700656233 /* ViewController.swift */ = {isa = PBXFileReference; lastKnownFileType = sourcecode.swift; path = ViewController.swift; sourceTree = "<group>"; };
		23B780022A567F0700656233 /* Base */ = {isa = PBXFileReference; lastKnownFileType = file.storyboard; name = Base; path = Base.lproj/Main.storyboard; sourceTree = "<group>"; };
		23B780042A567F0800656233 /* Assets.xcassets */ = {isa = PBXFileReference; lastKnownFileType = folder.assetcatalog; path = Assets.xcassets; sourceTree = "<group>"; };
		23B780072A567F0800656233 /* Base */ = {isa = PBXFileReference; lastKnownFileType = file.storyboard; name = Base; path = Base.lproj/LaunchScreen.storyboard; sourceTree = "<group>"; };
		23B780092A567F0800656233 /* Info.plist */ = {isa = PBXFileReference; lastKnownFileType = text.plist.xml; path = Info.plist; sourceTree = "<group>"; };
		23B7800E2A567F0800656233 /* TabTouchTests.xctest */ = {isa = PBXFileReference; explicitFileType = wrapper.cfbundle; includeInIndex = 0; path = TabTouchTests.xctest; sourceTree = BUILT_PRODUCTS_DIR; };
		23B780122A567F0800656233 /* TabTouchTests.swift */ = {isa = PBXFileReference; lastKnownFileType = sourcecode.swift; path = TabTouchTests.swift; sourceTree = "<group>"; };
		23B780182A567F0800656233 /* TabTouchUITests.xctest */ = {isa = PBXFileReference; explicitFileType = wrapper.cfbundle; includeInIndex = 0; path = TabTouchUITests.xctest; sourceTree = BUILT_PRODUCTS_DIR; };
		23B7801C2A567F0800656233 /* TabTouchUITests.swift */ = {isa = PBXFileReference; lastKnownFileType = sourcecode.swift; path = TabTouchUITests.swift; sourceTree = "<group>"; };
		23B7801E2A567F0800656233 /* TabTouchUITestsLaunchTests.swift */ = {isa = PBXFileReference; lastKnownFileType = sourcecode.swift; path = TabTouchUITestsLaunchTests.swift; sourceTree = "<group>"; };
/* End PBXFileReference section */

/* Begin PBXFrameworksBuildPhase section */
		23B77FF52A567F0700656233 /* Frameworks */ = {
			isa = PBXFrameworksBuildPhase;
			buildActionMask = 2147483647;
			files = (
			);
			runOnlyForDeploymentPostprocessing = 0;
		};
		23B7800B2A567F0800656233 /* Frameworks */ = {
			isa = PBXFrameworksBuildPhase;
			buildActionMask = 2147483647;
			files = (
			);
			runOnlyForDeploymentPostprocessing = 0;
		};
		23B780152A567F0800656233 /* Frameworks */ = {
			isa = PBXFrameworksBuildPhase;
			buildActionMask = 2147483647;
			files = (
			);
			runOnlyForDeploymentPostprocessing = 0;
		};
/* End PBXFrameworksBuildPhase section */

/* Begin PBXGroup section */
		23B77FEF2A567F0700656233 = {
			isa = PBXGroup;
			children = (
				23B77FFA2A567F0700656233 /* TabTouch */,
				23B780112A567F0800656233 /* TabTouchTests */,
				23B7801B2A567F0800656233 /* TabTouchUITests */,
				23B77FF92A567F0700656233 /* Products */,
			);
			sourceTree = "<group>";
		};
		23B77FF92A567F0700656233 /* Products */ = {
			isa = PBXGroup;
			children = (
				23B77FF82A567F0700656233 /* TabTouch.app */,
				23B7800E2A567F0800656233 /* TabTouchTests.xctest */,
				23B780182A567F0800656233 /* TabTouchUITests.xctest */,
			);
			name = Products;
			sourceTree = "<group>";
		};
		23B77FFA2A567F0700656233 /* TabTouch */ = {
			isa = PBXGroup;
			children = (
				23B77FFB2A567F0700656233 /* AppDelegate.swift */,
				23B77FFD2A567F0700656233 /* SceneDelegate.swift */,
				23B77FFF2A567F0700656233 /* ViewController.swift */,
				23B780012A567F0700656233 /* Main.storyboard */,
				23B780042A567F0800656233 /* Assets.xcassets */,
				23B780062A567F0800656233 /* LaunchScreen.storyboard */,
				23B780092A567F0800656233 /* Info.plist */,
			);
			path = TabTouch;
			sourceTree = "<group>";
		};
		23B780112A567F0800656233 /* TabTouchTests */ = {
			isa = PBXGroup;
			children = (
				23B780122A567F0800656233 /* TabTouchTests.swift */,
			);
			path = TabTouchTests;
			sourceTree = "<group>";
		};
		23B7801B2A567F0800656233 /* TabTouchUITests */ = {
			isa = PBXGroup;
			children = (
				23B7801C2A567F0800656233 /* TabTouchUITests.swift */,
				23B7801E2A567F0800656233 /* TabTouchUITestsLaunchTests.swift */,
			);
			path = TabTouchUITests;
			sourceTree = "<group>";
		};
/* End PBXGroup section */

/* Begin PBXNativeTarget section */
		23B77FF72A567F0700656233 /* TabTouch */ = {
			isa = PBXNativeTarget;
			buildConfigurationList = 23B780222A567F0800656233 /* Build configuration list for PBXNativeTarget "TabTouch" */;
			buildPhases = (
				23B77FF42A567F0700656233 /* Sources */,
				23B77FF52A567F0700656233 /* Frameworks */,
				23B77FF62A567F0700656233 /* Resources */,
			);
			buildRules = (
			);
			dependencies = (
			);
			name = TabTouch;
			productName = TabTouch;
			productReference = 23B77FF82A567F0700656233 /* TabTouch.app */;
			productType = "com.apple.product-type.application";
		};
		23B7800D2A567F0800656233 /* TabTouchTests */ = {
			isa = PBXNativeTarget;
			buildConfigurationList = 23B780252A567F0800656233 /* Build configuration list for PBXNativeTarget "TabTouchTests" */;
			buildPhases = (
				23B7800A2A567F0800656233 /* Sources */,
				23B7800B2A567F0800656233 /* Frameworks */,
				23B7800C2A567F0800656233 /* Resources */,
			);
			buildRules = (
			);
			dependencies = (
				23B780102A567F0800656233 /* PBXTargetDependency */,
			);
			name = TabTouchTests;
			productName = TabTouchTests;
			productReference = 23B7800E2A567F0800656233 /* TabTouchTests.xctest */;
			productType = "com.apple.product-type.bundle.unit-test";
		};
		23B780172A567F0800656233 /* TabTouchUITests */ = {
			isa = PBXNativeTarget;
			buildConfigurationList = 23B780282A567F0800656233 /* Build configuration list for PBXNativeTarget "TabTouchUITests" */;
			buildPhases = (
				23B780142A567F0800656233 /* Sources */,
				23B780152A567F0800656233 /* Frameworks */,
				23B780162A567F0800656233 /* Resources */,
			);
			buildRules = (
			);
			dependencies = (
				23B7801A2A567F0800656233 /* PBXTargetDependency */,
			);
			name = TabTouchUITests;
			productName = TabTouchUITests;
			productReference = 23B780182A567F0800656233 /* TabTouchUITests.xctest */;
			productType = "com.apple.product-type.bundle.ui-testing";
		};
/* End PBXNativeTarget section */

/* Begin PBXProject section */
		23B77FF02A567F0700656233 /* Project object */ = {
			isa = PBXProject;
			attributes = {
				BuildIndependentTargetsInParallel = 1;
				LastSwiftUpdateCheck = 1430;
				LastUpgradeCheck = 1430;
				TargetAttributes = {
					23B77FF72A567F0700656233 = {
						CreatedOnToolsVersion = 14.3.1;
					};
					23B7800D2A567F0800656233 = {
						CreatedOnToolsVersion = 14.3.1;
						TestTargetID = 23B77FF72A567F0700656233;
					};
					23B780172A567F0800656233 = {
						CreatedOnToolsVersion = 14.3.1;
						TestTargetID = 23B77FF72A567F0700656233;
					};
				};
			};
			buildConfigurationList = 23B77FF32A567F0700656233 /* Build configuration list for PBXProject "TabTouch" */;
			compatibilityVersion = "Xcode 14.0";
			developmentRegion = en;
			hasScannedForEncodings = 0;
			knownRegions = (
				en,
				Base,
			);
			mainGroup = 23B77FEF2A567F0700656233;
			productRefGroup = 23B77FF92A567F0700656233 /* Products */;
			projectDirPath = "";
			projectRoot = "";
			targets = (
				23B77FF72A567F0700656233 /* TabTouch */,
				23B7800D2A567F0800656233 /* TabTouchTests */,
				23B780172A567F0800656233 /* TabTouchUITests */,
			);
		};
/* End PBXProject section */

/* Begin PBXResourcesBuildPhase section */
		23B77FF62A567F0700656233 /* Resources */ = {
			isa = PBXResourcesBuildPhase;
			buildActionMask = 2147483647;
			files = (
				23B780082A567F0800656233 /* LaunchScreen.storyboard in Resources */,
				23B780052A567F0800656233 /* Assets.xcassets in Resources */,
				23B780032A567F0700656233 /* Main.storyboard in Resources */,
			);
			runOnlyForDeploymentPostprocessing = 0;
		};
		23B7800C2A567F0800656233 /* Resources */ = {
			isa = PBXResourcesBuildPhase;
			buildActionMask = 2147483647;
			files = (
			);
			runOnlyForDeploymentPostprocessing = 0;
		};
		23B780162A567F0800656233 /* Resources */ = {
			isa = PBXResourcesBuildPhase;
			buildActionMask = 2147483647;
			files = (
			);
			runOnlyForDeploymentPostprocessing = 0;
		};
/* End PBXResourcesBuildPhase section */

/* Begin PBXSourcesBuildPhase section */
		23B77FF42A567F0700656233 /* Sources */ = {
			isa = PBXSourcesBuildPhase;
			buildActionMask = 2147483647;
			files = (
				23B780002A567F0700656233 /* ViewController.swift in Sources */,
				23B77FFC2A567F0700656233 /* AppDelegate.swift in Sources */,
				23B77FFE2A567F0700656233 /* SceneDelegate.swift in Sources */,
			);
			runOnlyForDeploymentPostprocessing = 0;
		};
		23B7800A2A567F0800656233 /* Sources */ = {
			isa = PBXSourcesBuildPhase;
			buildActionMask = 2147483647;
			files = (
				23B780132A567F0800656233 /* TabTouchTests.swift in Sources */,
			);
			runOnlyForDeploymentPostprocessing = 0;
		};
		23B780142A567F0800656233 /* Sources */ = {
			isa = PBXSourcesBuildPhase;
			buildActionMask = 2147483647;
			files = (
				23B7801F2A567F0800656233 /* TabTouchUITestsLaunchTests.swift in Sources */,
				23B7801D2A567F0800656233 /* TabTouchUITests.swift in Sources */,
			);
			runOnlyForDeploymentPostprocessing = 0;
		};
/* End PBXSourcesBuildPhase section */

/* Begin PBXTargetDependency section */
		23B780102A567F0800656233 /* PBXTargetDependency */ = {
			isa = PBXTargetDependency;
			target = 23B77FF72A567F0700656233 /* TabTouch */;
			targetProxy = 23B7800F2A567F0800656233 /* PBXContainerItemProxy */;
		};
		23B7801A2A567F0800656233 /* PBXTargetDependency */ = {
			isa = PBXTargetDependency;
			target = 23B77FF72A567F0700656233 /* TabTouch */;
			targetProxy = 23B780192A567F0800656233 /* PBXContainerItemProxy */;
		};
/* End PBXTargetDependency section */

/* Begin PBXVariantGroup section */
		23B780012A567F0700656233 /* Main.storyboard */ = {
			isa = PBXVariantGroup;
			children = (
				23B780022A567F0700656233 /* Base */,
			);
			name = Main.storyboard;
			sourceTree = "<group>";
		};
		23B780062A567F0800656233 /* LaunchScreen.storyboard */ = {
			isa = PBXVariantGroup;
			children = (
				23B780072A567F0800656233 /* Base */,
			);
			name = LaunchScreen.storyboard;
			sourceTree = "<group>";
		};
/* End PBXVariantGroup section */

/* Begin XCBuildConfiguration section */
		23B780202A567F0800656233 /* Debug */ = {
			isa = XCBuildConfiguration;
			buildSettings = {
				ALWAYS_SEARCH_USER_PATHS = NO;
				CLANG_ANALYZER_NONNULL = YES;
				CLANG_ANALYZER_NUMBER_OBJECT_CONVERSION = YES_AGGRESSIVE;
				CLANG_CXX_LANGUAGE_STANDARD = "gnu++20";
				CLANG_ENABLE_MODULES = YES;
				CLANG_ENABLE_OBJC_ARC = YES;
				CLANG_ENABLE_OBJC_WEAK = YES;
				CLANG_WARN_BLOCK_CAPTURE_AUTORELEASING = YES;
				CLANG_WARN_BOOL_CONVERSION = YES;
				CLANG_WARN_COMMA = YES;
				CLANG_WARN_CONSTANT_CONVERSION = YES;
				CLANG_WARN_DEPRECATED_OBJC_IMPLEMENTATIONS = YES;
				CLANG_WARN_DIRECT_OBJC_ISA_USAGE = YES_ERROR;
				CLANG_WARN_DOCUMENTATION_COMMENTS = YES;
				CLANG_WARN_EMPTY_BODY = YES;
				CLANG_WARN_ENUM_CONVERSION = YES;
				CLANG_WARN_INFINITE_RECURSION = YES;
				CLANG_WARN_INT_CONVERSION = YES;
				CLANG_WARN_NON_LITERAL_NULL_CONVERSION = YES;
				CLANG_WARN_OBJC_IMPLICIT_RETAIN_SELF = YES;
				CLANG_WARN_OBJC_LITERAL_CONVERSION = YES;
				CLANG_WARN_OBJC_ROOT_CLASS = YES_ERROR;
				CLANG_WARN_QUOTED_INCLUDE_IN_FRAMEWORK_HEADER = YES;
				CLANG_WARN_RANGE_LOOP_ANALYSIS = YES;
				CLANG_WARN_STRICT_PROTOTYPES = YES;
				CLANG_WARN_SUSPICIOUS_MOVE = YES;
				CLANG_WARN_UNGUARDED_AVAILABILITY = YES_AGGRESSIVE;
				CLANG_WARN_UNREACHABLE_CODE = YES;
				CLANG_WARN__DUPLICATE_METHOD_MATCH = YES;
				COPY_PHASE_STRIP = NO;
				DEBUG_INFORMATION_FORMAT = dwarf;
				ENABLE_STRICT_OBJC_MSGSEND = YES;
				ENABLE_TESTABILITY = YES;
				GCC_C_LANGUAGE_STANDARD = gnu11;
				GCC_DYNAMIC_NO_PIC = NO;
				GCC_NO_COMMON_BLOCKS = YES;
				GCC_OPTIMIZATION_LEVEL = 0;
				GCC_PREPROCESSOR_DEFINITIONS = (
					"DEBUG=1",
					"$(inherited)",
				);
				GCC_WARN_64_TO_32_BIT_CONVERSION = YES;
				GCC_WARN_ABOUT_RETURN_TYPE = YES_ERROR;
				GCC_WARN_UNDECLARED_SELECTOR = YES;
				GCC_WARN_UNINITIALIZED_AUTOS = YES_AGGRESSIVE;
				GCC_WARN_UNUSED_FUNCTION = YES;
				GCC_WARN_UNUSED_VARIABLE = YES;
				IPHONEOS_DEPLOYMENT_TARGET = 16.4;
				MTL_ENABLE_DEBUG_INFO = INCLUDE_SOURCE;
				MTL_FAST_MATH = YES;
				ONLY_ACTIVE_ARCH = YES;
				SDKROOT = iphoneos;
				SWIFT_ACTIVE_COMPILATION_CONDITIONS = DEBUG;
				SWIFT_OPTIMIZATION_LEVEL = "-Onone";
			};
			name = Debug;
		};
		23B780212A567F0800656233 /* Release */ = {
			isa = XCBuildConfiguration;
			buildSettings = {
				ALWAYS_SEARCH_USER_PATHS = NO;
				CLANG_ANALYZER_NONNULL = YES;
				CLANG_ANALYZER_NUMBER_OBJECT_CONVERSION = YES_AGGRESSIVE;
				CLANG_CXX_LANGUAGE_STANDARD = "gnu++20";
				CLANG_ENABLE_MODULES = YES;
				CLANG_ENABLE_OBJC_ARC = YES;
				CLANG_ENABLE_OBJC_WEAK = YES;
				CLANG_WARN_BLOCK_CAPTURE_AUTORELEASING = YES;
				CLANG_WARN_BOOL_CONVERSION = YES;
				CLANG_WARN_COMMA = YES;
				CLANG_WARN_CONSTANT_CONVERSION = YES;
				CLANG_WARN_DEPRECATED_OBJC_IMPLEMENTATIONS = YES;
				CLANG_WARN_DIRECT_OBJC_ISA_USAGE = YES_ERROR;
				CLANG_WARN_DOCUMENTATION_COMMENTS = YES;
				CLANG_WARN_EMPTY_BODY = YES;
				CLANG_WARN_ENUM_CONVERSION = YES;
				CLANG_WARN_INFINITE_RECURSION = YES;
				CLANG_WARN_INT_CONVERSION = YES;
				CLANG_WARN_NON_LITERAL_NULL_CONVERSION = YES;
				CLANG_WARN_OBJC_IMPLICIT_RETAIN_SELF = YES;
				CLANG_WARN_OBJC_LITERAL_CONVERSION = YES;
				CLANG_WARN_OBJC_ROOT_CLASS = YES_ERROR;
				CLANG_WARN_QUOTED_INCLUDE_IN_FRAMEWORK_HEADER = YES;
				CLANG_WARN_RANGE_LOOP_ANALYSIS = YES;
				CLANG_WARN_STRICT_PROTOTYPES = YES;
				CLANG_WARN_SUSPICIOUS_MOVE = YES;
				CLANG_WARN_UNGUARDED_AVAILABILITY = YES_AGGRESSIVE;
				CLANG_WARN_UNREACHABLE_CODE = YES;
				CLANG_WARN__DUPLICATE_METHOD_MATCH = YES;
				COPY_PHASE_STRIP = NO;
				DEBUG_INFORMATION_FORMAT = "dwarf-with-dsym";
				ENABLE_NS_ASSERTIONS = NO;
				ENABLE_STRICT_OBJC_MSGSEND = YES;
				GCC_C_LANGUAGE_STANDARD = gnu11;
				GCC_NO_COMMON_BLOCKS = YES;
				GCC_WARN_64_TO_32_BIT_CONVERSION = YES;
				GCC_WARN_ABOUT_RETURN_TYPE = YES_ERROR;
				GCC_WARN_UNDECLARED_SELECTOR = YES;
				GCC_WARN_UNINITIALIZED_AUTOS = YES_AGGRESSIVE;
				GCC_WARN_UNUSED_FUNCTION = YES;
				GCC_WARN_UNUSED_VARIABLE = YES;
				IPHONEOS_DEPLOYMENT_TARGET = 16.4;
				MTL_ENABLE_DEBUG_INFO = NO;
				MTL_FAST_MATH = YES;
				SDKROOT = iphoneos;
				SWIFT_COMPILATION_MODE = wholemodule;
				SWIFT_OPTIMIZATION_LEVEL = "-O";
				VALIDATE_PRODUCT = YES;
			};
			name = Release;
		};
		23B780232A567F0800656233 /* Debug */ = {
			isa = XCBuildConfiguration;
			buildSettings = {
				ASSETCATALOG_COMPILER_APPICON_NAME = AppIcon;
				ASSETCATALOG_COMPILER_GLOBAL_ACCENT_COLOR_NAME = AccentColor;
				CODE_SIGN_STYLE = Automatic;
				CURRENT_PROJECT_VERSION = 1;
				GENERATE_INFOPLIST_FILE = YES;
				INFOPLIST_FILE = TabTouch/Info.plist;
				INFOPLIST_KEY_UIApplicationSupportsIndirectInputEvents = YES;
				INFOPLIST_KEY_UILaunchStoryboardName = LaunchScreen;
				INFOPLIST_KEY_UIMainStoryboardFile = Main;
				INFOPLIST_KEY_UISupportedInterfaceOrientations_iPad = "UIInterfaceOrientationPortrait UIInterfaceOrientationPortraitUpsideDown UIInterfaceOrientationLandscapeLeft UIInterfaceOrientationLandscapeRight";
				INFOPLIST_KEY_UISupportedInterfaceOrientations_iPhone = "UIInterfaceOrientationPortrait UIInterfaceOrientationLandscapeLeft UIInterfaceOrientationLandscapeRight";
				LD_RUNPATH_SEARCH_PATHS = (
					"$(inherited)",
					"@executable_path/Frameworks",
				);
				MARKETING_VERSION = 1.0;
				PRODUCT_BUNDLE_IDENTIFIER = ddwu.mobile.clover.TabTouch;
				PRODUCT_NAME = "$(TARGET_NAME)";
				SWIFT_EMIT_LOC_STRINGS = YES;
				SWIFT_VERSION = 5.0;
				TARGETED_DEVICE_FAMILY = "1,2";
			};
			name = Debug;
		};
		23B780242A567F0800656233 /* Release */ = {
			isa = XCBuildConfiguration;
			buildSettings = {
				ASSETCATALOG_COMPILER_APPICON_NAME = AppIcon;
				ASSETCATALOG_COMPILER_GLOBAL_ACCENT_COLOR_NAME = AccentColor;
				CODE_SIGN_STYLE = Automatic;
				CURRENT_PROJECT_VERSION = 1;
				GENERATE_INFOPLIST_FILE = YES;
				INFOPLIST_FILE = TabTouch/Info.plist;
				INFOPLIST_KEY_UIApplicationSupportsIndirectInputEvents = YES;
				INFOPLIST_KEY_UILaunchStoryboardName = LaunchScreen;
				INFOPLIST_KEY_UIMainStoryboardFile = Main;
				INFOPLIST_KEY_UISupportedInterfaceOrientations_iPad = "UIInterfaceOrientationPortrait UIInterfaceOrientationPortraitUpsideDown UIInterfaceOrientationLandscapeLeft UIInterfaceOrientationLandscapeRight";
				INFOPLIST_KEY_UISupportedInterfaceOrientations_iPhone = "UIInterfaceOrientationPortrait UIInterfaceOrientationLandscapeLeft UIInterfaceOrientationLandscapeRight";
				LD_RUNPATH_SEARCH_PATHS = (
					"$(inherited)",
					"@executable_path/Frameworks",
				);
				MARKETING_VERSION = 1.0;
				PRODUCT_BUNDLE_IDENTIFIER = ddwu.mobile.clover.TabTouch;
				PRODUCT_NAME = "$(TARGET_NAME)";
				SWIFT_EMIT_LOC_STRINGS = YES;
				SWIFT_VERSION = 5.0;
				TARGETED_DEVICE_FAMILY = "1,2";
			};
			name = Release;
		};
		23B780262A567F0800656233 /* Debug */ = {
			isa = XCBuildConfiguration;
			buildSettings = {
				ALWAYS_EMBED_SWIFT_STANDARD_LIBRARIES = YES;
				BUNDLE_LOADER = "$(TEST_HOST)";
				CODE_SIGN_STYLE = Automatic;
				CURRENT_PROJECT_VERSION = 1;
				GENERATE_INFOPLIST_FILE = YES;
				IPHONEOS_DEPLOYMENT_TARGET = 16.4;
				MARKETING_VERSION = 1.0;
				PRODUCT_BUNDLE_IDENTIFIER = ddwu.mobile.clover.TabTouchTests;
				PRODUCT_NAME = "$(TARGET_NAME)";
				SWIFT_EMIT_LOC_STRINGS = NO;
				SWIFT_VERSION = 5.0;
				TARGETED_DEVICE_FAMILY = "1,2";
				TEST_HOST = "$(BUILT_PRODUCTS_DIR)/TabTouch.app/$(BUNDLE_EXECUTABLE_FOLDER_PATH)/TabTouch";
			};
			name = Debug;
		};
		23B780272A567F0800656233 /* Release */ = {
			isa = XCBuildConfiguration;
			buildSettings = {
				ALWAYS_EMBED_SWIFT_STANDARD_LIBRARIES = YES;
				BUNDLE_LOADER = "$(TEST_HOST)";
				CODE_SIGN_STYLE = Automatic;
				CURRENT_PROJECT_VERSION = 1;
				GENERATE_INFOPLIST_FILE = YES;
				IPHONEOS_DEPLOYMENT_TARGET = 16.4;
				MARKETING_VERSION = 1.0;
				PRODUCT_BUNDLE_IDENTIFIER = ddwu.mobile.clover.TabTouchTests;
				PRODUCT_NAME = "$(TARGET_NAME)";
				SWIFT_EMIT_LOC_STRINGS = NO;
				SWIFT_VERSION = 5.0;
				TARGETED_DEVICE_FAMILY = "1,2";
				TEST_HOST = "$(BUILT_PRODUCTS_DIR)/TabTouch.app/$(BUNDLE_EXECUTABLE_FOLDER_PATH)/TabTouch";
			};
			name = Release;
		};
		23B780292A567F0800656233 /* Debug */ = {
			isa = XCBuildConfiguration;
			buildSettings = {
				ALWAYS_EMBED_SWIFT_STANDARD_LIBRARIES = YES;
				CODE_SIGN_STYLE = Automatic;
				CURRENT_PROJECT_VERSION = 1;
				GENERATE_INFOPLIST_FILE = YES;
				MARKETING_VERSION = 1.0;
				PRODUCT_BUNDLE_IDENTIFIER = ddwu.mobile.clover.TabTouchUITests;
				PRODUCT_NAME = "$(TARGET_NAME)";
				SWIFT_EMIT_LOC_STRINGS = NO;
				SWIFT_VERSION = 5.0;
				TARGETED_DEVICE_FAMILY = "1,2";
				TEST_TARGET_NAME = TabTouch;
			};
			name = Debug;
		};
		23B7802A2A567F0800656233 /* Release */ = {
			isa = XCBuildConfiguration;
			buildSettings = {
				ALWAYS_EMBED_SWIFT_STANDARD_LIBRARIES = YES;
				CODE_SIGN_STYLE = Automatic;
				CURRENT_PROJECT_VERSION = 1;
				GENERATE_INFOPLIST_FILE = YES;
				MARKETING_VERSION = 1.0;
				PRODUCT_BUNDLE_IDENTIFIER = ddwu.mobile.clover.TabTouchUITests;
				PRODUCT_NAME = "$(TARGET_NAME)";
				SWIFT_EMIT_LOC_STRINGS = NO;
				SWIFT_VERSION = 5.0;
				TARGETED_DEVICE_FAMILY = "1,2";
				TEST_TARGET_NAME = TabTouch;
			};
			name = Release;
		};
/* End XCBuildConfiguration section */

/* Begin XCConfigurationList section */
		23B77FF32A567F0700656233 /* Build configuration list for PBXProject "TabTouch" */ = {
			isa = XCConfigurationList;
			buildConfigurations = (
				23B780202A567F0800656233 /* Debug */,
				23B780212A567F0800656233 /* Release */,
			);
			defaultConfigurationIsVisible = 0;
			defaultConfigurationName = Release;
		};
		23B780222A567F0800656233 /* Build configuration list for PBXNativeTarget "TabTouch" */ = {
			isa = XCConfigurationList;
			buildConfigurations = (
				23B780232A567F0800656233 /* Debug */,
				23B780242A567F0800656233 /* Release */,
			);
			defaultConfigurationIsVisible = 0;
			defaultConfigurationName = Release;
		};
		23B780252A567F0800656233 /* Build configuration list for PBXNativeTarget "TabTouchTests" */ = {
			isa = XCConfigurationList;
			buildConfigurations = (
				23B780262A567F0800656233 /* Debug */,
				23B780272A567F0800656233 /* Release */,
			);
			defaultConfigurationIsVisible = 0;
			defaultConfigurationName = Release;
		};
		23B780282A567F0800656233 /* Build configuration list for PBXNativeTarget "TabTouchUITests" */ = {
			isa = XCConfigurationList;
			buildConfigurations = (
				23B780292A567F0800656233 /* Debug */,
				23B7802A2A567F0800656233 /* Release */,
			);
			defaultConfigurationIsVisible = 0;
			defaultConfigurationName = Release;
		};
/* End XCConfigurationList section */
	};
	rootObject = 23B77FF02A567F0700656233 /* Project object */;
}
