// !$*UTF8*$!
{
	archiveVersion = 1;
	classes = {
	};
	objectVersion = 56;
	objects = {

/* Begin PBXBuildFile section */
		23B77FC02A5670B500656233 /* AppDelegate.swift in Sources */ = {isa = PBXBuildFile; fileRef = 23B77FBF2A5670B500656233 /* AppDelegate.swift */; };
		23B77FC22A5670B500656233 /* SceneDelegate.swift in Sources */ = {isa = PBXBuildFile; fileRef = 23B77FC12A5670B500656233 /* SceneDelegate.swift */; };
		23B77FC42A5670B500656233 /* ViewController.swift in Sources */ = {isa = PBXBuildFile; fileRef = 23B77FC32A5670B500656233 /* ViewController.swift */; };
		23B77FC72A5670B500656233 /* Main.storyboard in Resources */ = {isa = PBXBuildFile; fileRef = 23B77FC52A5670B500656233 /* Main.storyboard */; };
		23B77FC92A5670B600656233 /* Assets.xcassets in Resources */ = {isa = PBXBuildFile; fileRef = 23B77FC82A5670B600656233 /* Assets.xcassets */; };
		23B77FCC2A5670B600656233 /* LaunchScreen.storyboard in Resources */ = {isa = PBXBuildFile; fileRef = 23B77FCA2A5670B600656233 /* LaunchScreen.storyboard */; };
		23B77FD72A5670B600656233 /* CameraPhotoLibraryTests.swift in Sources */ = {isa = PBXBuildFile; fileRef = 23B77FD62A5670B600656233 /* CameraPhotoLibraryTests.swift */; };
		23B77FE12A5670B600656233 /* CameraPhotoLibraryUITests.swift in Sources */ = {isa = PBXBuildFile; fileRef = 23B77FE02A5670B600656233 /* CameraPhotoLibraryUITests.swift */; };
		23B77FE32A5670B600656233 /* CameraPhotoLibraryUITestsLaunchTests.swift in Sources */ = {isa = PBXBuildFile; fileRef = 23B77FE22A5670B600656233 /* CameraPhotoLibraryUITestsLaunchTests.swift */; };
/* End PBXBuildFile section */

/* Begin PBXContainerItemProxy section */
		23B77FD32A5670B600656233 /* PBXContainerItemProxy */ = {
			isa = PBXContainerItemProxy;
			containerPortal = 23B77FB42A5670B500656233 /* Project object */;
			proxyType = 1;
			remoteGlobalIDString = 23B77FBB2A5670B500656233;
			remoteInfo = CameraPhotoLibrary;
		};
		23B77FDD2A5670B600656233 /* PBXContainerItemProxy */ = {
			isa = PBXContainerItemProxy;
			containerPortal = 23B77FB42A5670B500656233 /* Project object */;
			proxyType = 1;
			remoteGlobalIDString = 23B77FBB2A5670B500656233;
			remoteInfo = CameraPhotoLibrary;
		};
/* End PBXContainerItemProxy section */

/* Begin PBXFileReference section */
		23B77FBC2A5670B500656233 /* CameraPhotoLibrary.app */ = {isa = PBXFileReference; explicitFileType = wrapper.application; includeInIndex = 0; path = CameraPhotoLibrary.app; sourceTree = BUILT_PRODUCTS_DIR; };
		23B77FBF2A5670B500656233 /* AppDelegate.swift */ = {isa = PBXFileReference; lastKnownFileType = sourcecode.swift; path = AppDelegate.swift; sourceTree = "<group>"; };
		23B77FC12A5670B500656233 /* SceneDelegate.swift */ = {isa = PBXFileReference; lastKnownFileType = sourcecode.swift; path = SceneDelegate.swift; sourceTree = "<group>"; };
		23B77FC32A5670B500656233 /* ViewController.swift */ = {isa = PBXFileReference; lastKnownFileType = sourcecode.swift; path = ViewController.swift; sourceTree = "<group>"; };
		23B77FC62A5670B500656233 /* Base */ = {isa = PBXFileReference; lastKnownFileType = file.storyboard; name = Base; path = Base.lproj/Main.storyboard; sourceTree = "<group>"; };
		23B77FC82A5670B600656233 /* Assets.xcassets */ = {isa = PBXFileReference; lastKnownFileType = folder.assetcatalog; path = Assets.xcassets; sourceTree = "<group>"; };
		23B77FCB2A5670B600656233 /* Base */ = {isa = PBXFileReference; lastKnownFileType = file.storyboard; name = Base; path = Base.lproj/LaunchScreen.storyboard; sourceTree = "<group>"; };
		23B77FCD2A5670B600656233 /* Info.plist */ = {isa = PBXFileReference; lastKnownFileType = text.plist.xml; path = Info.plist; sourceTree = "<group>"; };
		23B77FD22A5670B600656233 /* CameraPhotoLibraryTests.xctest */ = {isa = PBXFileReference; explicitFileType = wrapper.cfbundle; includeInIndex = 0; path = CameraPhotoLibraryTests.xctest; sourceTree = BUILT_PRODUCTS_DIR; };
		23B77FD62A5670B600656233 /* CameraPhotoLibraryTests.swift */ = {isa = PBXFileReference; lastKnownFileType = sourcecode.swift; path = CameraPhotoLibraryTests.swift; sourceTree = "<group>"; };
		23B77FDC2A5670B600656233 /* CameraPhotoLibraryUITests.xctest */ = {isa = PBXFileReference; explicitFileType = wrapper.cfbundle; includeInIndex = 0; path = CameraPhotoLibraryUITests.xctest; sourceTree = BUILT_PRODUCTS_DIR; };
		23B77FE02A5670B600656233 /* CameraPhotoLibraryUITests.swift */ = {isa = PBXFileReference; lastKnownFileType = sourcecode.swift; path = CameraPhotoLibraryUITests.swift; sourceTree = "<group>"; };
		23B77FE22A5670B600656233 /* CameraPhotoLibraryUITestsLaunchTests.swift */ = {isa = PBXFileReference; lastKnownFileType = sourcecode.swift; path = CameraPhotoLibraryUITestsLaunchTests.swift; sourceTree = "<group>"; };
/* End PBXFileReference section */

/* Begin PBXFrameworksBuildPhase section */
		23B77FB92A5670B500656233 /* Frameworks */ = {
			isa = PBXFrameworksBuildPhase;
			buildActionMask = 2147483647;
			files = (
			);
			runOnlyForDeploymentPostprocessing = 0;
		};
		23B77FCF2A5670B600656233 /* Frameworks */ = {
			isa = PBXFrameworksBuildPhase;
			buildActionMask = 2147483647;
			files = (
			);
			runOnlyForDeploymentPostprocessing = 0;
		};
		23B77FD92A5670B600656233 /* Frameworks */ = {
			isa = PBXFrameworksBuildPhase;
			buildActionMask = 2147483647;
			files = (
			);
			runOnlyForDeploymentPostprocessing = 0;
		};
/* End PBXFrameworksBuildPhase section */

/* Begin PBXGroup section */
		23B77FB32A5670B500656233 = {
			isa = PBXGroup;
			children = (
				23B77FBE2A5670B500656233 /* CameraPhotoLibrary */,
				23B77FD52A5670B600656233 /* CameraPhotoLibraryTests */,
				23B77FDF2A5670B600656233 /* CameraPhotoLibraryUITests */,
				23B77FBD2A5670B500656233 /* Products */,
			);
			sourceTree = "<group>";
		};
		23B77FBD2A5670B500656233 /* Products */ = {
			isa = PBXGroup;
			children = (
				23B77FBC2A5670B500656233 /* CameraPhotoLibrary.app */,
				23B77FD22A5670B600656233 /* CameraPhotoLibraryTests.xctest */,
				23B77FDC2A5670B600656233 /* CameraPhotoLibraryUITests.xctest */,
			);
			name = Products;
			sourceTree = "<group>";
		};
		23B77FBE2A5670B500656233 /* CameraPhotoLibrary */ = {
			isa = PBXGroup;
			children = (
				23B77FBF2A5670B500656233 /* AppDelegate.swift */,
				23B77FC12A5670B500656233 /* SceneDelegate.swift */,
				23B77FC32A5670B500656233 /* ViewController.swift */,
				23B77FC52A5670B500656233 /* Main.storyboard */,
				23B77FC82A5670B600656233 /* Assets.xcassets */,
				23B77FCA2A5670B600656233 /* LaunchScreen.storyboard */,
				23B77FCD2A5670B600656233 /* Info.plist */,
			);
			path = CameraPhotoLibrary;
			sourceTree = "<group>";
		};
		23B77FD52A5670B600656233 /* CameraPhotoLibraryTests */ = {
			isa = PBXGroup;
			children = (
				23B77FD62A5670B600656233 /* CameraPhotoLibraryTests.swift */,
			);
			path = CameraPhotoLibraryTests;
			sourceTree = "<group>";
		};
		23B77FDF2A5670B600656233 /* CameraPhotoLibraryUITests */ = {
			isa = PBXGroup;
			children = (
				23B77FE02A5670B600656233 /* CameraPhotoLibraryUITests.swift */,
				23B77FE22A5670B600656233 /* CameraPhotoLibraryUITestsLaunchTests.swift */,
			);
			path = CameraPhotoLibraryUITests;
			sourceTree = "<group>";
		};
/* End PBXGroup section */

/* Begin PBXNativeTarget section */
		23B77FBB2A5670B500656233 /* CameraPhotoLibrary */ = {
			isa = PBXNativeTarget;
			buildConfigurationList = 23B77FE62A5670B600656233 /* Build configuration list for PBXNativeTarget "CameraPhotoLibrary" */;
			buildPhases = (
				23B77FB82A5670B500656233 /* Sources */,
				23B77FB92A5670B500656233 /* Frameworks */,
				23B77FBA2A5670B500656233 /* Resources */,
			);
			buildRules = (
			);
			dependencies = (
			);
			name = CameraPhotoLibrary;
			productName = CameraPhotoLibrary;
			productReference = 23B77FBC2A5670B500656233 /* CameraPhotoLibrary.app */;
			productType = "com.apple.product-type.application";
		};
		23B77FD12A5670B600656233 /* CameraPhotoLibraryTests */ = {
			isa = PBXNativeTarget;
			buildConfigurationList = 23B77FE92A5670B600656233 /* Build configuration list for PBXNativeTarget "CameraPhotoLibraryTests" */;
			buildPhases = (
				23B77FCE2A5670B600656233 /* Sources */,
				23B77FCF2A5670B600656233 /* Frameworks */,
				23B77FD02A5670B600656233 /* Resources */,
			);
			buildRules = (
			);
			dependencies = (
				23B77FD42A5670B600656233 /* PBXTargetDependency */,
			);
			name = CameraPhotoLibraryTests;
			productName = CameraPhotoLibraryTests;
			productReference = 23B77FD22A5670B600656233 /* CameraPhotoLibraryTests.xctest */;
			productType = "com.apple.product-type.bundle.unit-test";
		};
		23B77FDB2A5670B600656233 /* CameraPhotoLibraryUITests */ = {
			isa = PBXNativeTarget;
			buildConfigurationList = 23B77FEC2A5670B600656233 /* Build configuration list for PBXNativeTarget "CameraPhotoLibraryUITests" */;
			buildPhases = (
				23B77FD82A5670B600656233 /* Sources */,
				23B77FD92A5670B600656233 /* Frameworks */,
				23B77FDA2A5670B600656233 /* Resources */,
			);
			buildRules = (
			);
			dependencies = (
				23B77FDE2A5670B600656233 /* PBXTargetDependency */,
			);
			name = CameraPhotoLibraryUITests;
			productName = CameraPhotoLibraryUITests;
			productReference = 23B77FDC2A5670B600656233 /* CameraPhotoLibraryUITests.xctest */;
			productType = "com.apple.product-type.bundle.ui-testing";
		};
/* End PBXNativeTarget section */

/* Begin PBXProject section */
		23B77FB42A5670B500656233 /* Project object */ = {
			isa = PBXProject;
			attributes = {
				BuildIndependentTargetsInParallel = 1;
				LastSwiftUpdateCheck = 1430;
				LastUpgradeCheck = 1430;
				TargetAttributes = {
					23B77FBB2A5670B500656233 = {
						CreatedOnToolsVersion = 14.3.1;
					};
					23B77FD12A5670B600656233 = {
						CreatedOnToolsVersion = 14.3.1;
						TestTargetID = 23B77FBB2A5670B500656233;
					};
					23B77FDB2A5670B600656233 = {
						CreatedOnToolsVersion = 14.3.1;
						TestTargetID = 23B77FBB2A5670B500656233;
					};
				};
			};
			buildConfigurationList = 23B77FB72A5670B500656233 /* Build configuration list for PBXProject "CameraPhotoLibrary" */;
			compatibilityVersion = "Xcode 14.0";
			developmentRegion = en;
			hasScannedForEncodings = 0;
			knownRegions = (
				en,
				Base,
			);
			mainGroup = 23B77FB32A5670B500656233;
			productRefGroup = 23B77FBD2A5670B500656233 /* Products */;
			projectDirPath = "";
			projectRoot = "";
			targets = (
				23B77FBB2A5670B500656233 /* CameraPhotoLibrary */,
				23B77FD12A5670B600656233 /* CameraPhotoLibraryTests */,
				23B77FDB2A5670B600656233 /* CameraPhotoLibraryUITests */,
			);
		};
/* End PBXProject section */

/* Begin PBXResourcesBuildPhase section */
		23B77FBA2A5670B500656233 /* Resources */ = {
			isa = PBXResourcesBuildPhase;
			buildActionMask = 2147483647;
			files = (
				23B77FCC2A5670B600656233 /* LaunchScreen.storyboard in Resources */,
				23B77FC92A5670B600656233 /* Assets.xcassets in Resources */,
				23B77FC72A5670B500656233 /* Main.storyboard in Resources */,
			);
			runOnlyForDeploymentPostprocessing = 0;
		};
		23B77FD02A5670B600656233 /* Resources */ = {
			isa = PBXResourcesBuildPhase;
			buildActionMask = 2147483647;
			files = (
			);
			runOnlyForDeploymentPostprocessing = 0;
		};
		23B77FDA2A5670B600656233 /* Resources */ = {
			isa = PBXResourcesBuildPhase;
			buildActionMask = 2147483647;
			files = (
			);
			runOnlyForDeploymentPostprocessing = 0;
		};
/* End PBXResourcesBuildPhase section */

/* Begin PBXSourcesBuildPhase section */
		23B77FB82A5670B500656233 /* Sources */ = {
			isa = PBXSourcesBuildPhase;
			buildActionMask = 2147483647;
			files = (
				23B77FC42A5670B500656233 /* ViewController.swift in Sources */,
				23B77FC02A5670B500656233 /* AppDelegate.swift in Sources */,
				23B77FC22A5670B500656233 /* SceneDelegate.swift in Sources */,
			);
			runOnlyForDeploymentPostprocessing = 0;
		};
		23B77FCE2A5670B600656233 /* Sources */ = {
			isa = PBXSourcesBuildPhase;
			buildActionMask = 2147483647;
			files = (
				23B77FD72A5670B600656233 /* CameraPhotoLibraryTests.swift in Sources */,
			);
			runOnlyForDeploymentPostprocessing = 0;
		};
		23B77FD82A5670B600656233 /* Sources */ = {
			isa = PBXSourcesBuildPhase;
			buildActionMask = 2147483647;
			files = (
				23B77FE32A5670B600656233 /* CameraPhotoLibraryUITestsLaunchTests.swift in Sources */,
				23B77FE12A5670B600656233 /* CameraPhotoLibraryUITests.swift in Sources */,
			);
			runOnlyForDeploymentPostprocessing = 0;
		};
/* End PBXSourcesBuildPhase section */

/* Begin PBXTargetDependency section */
		23B77FD42A5670B600656233 /* PBXTargetDependency */ = {
			isa = PBXTargetDependency;
			target = 23B77FBB2A5670B500656233 /* CameraPhotoLibrary */;
			targetProxy = 23B77FD32A5670B600656233 /* PBXContainerItemProxy */;
		};
		23B77FDE2A5670B600656233 /* PBXTargetDependency */ = {
			isa = PBXTargetDependency;
			target = 23B77FBB2A5670B500656233 /* CameraPhotoLibrary */;
			targetProxy = 23B77FDD2A5670B600656233 /* PBXContainerItemProxy */;
		};
/* End PBXTargetDependency section */

/* Begin PBXVariantGroup section */
		23B77FC52A5670B500656233 /* Main.storyboard */ = {
			isa = PBXVariantGroup;
			children = (
				23B77FC62A5670B500656233 /* Base */,
			);
			name = Main.storyboard;
			sourceTree = "<group>";
		};
		23B77FCA2A5670B600656233 /* LaunchScreen.storyboard */ = {
			isa = PBXVariantGroup;
			children = (
				23B77FCB2A5670B600656233 /* Base */,
			);
			name = LaunchScreen.storyboard;
			sourceTree = "<group>";
		};
/* End PBXVariantGroup section */

/* Begin XCBuildConfiguration section */
		23B77FE42A5670B600656233 /* Debug */ = {
			isa = XCBuildConfiguration;
			buildSettings = {
				ALWAYS_SEARCH_USER_PATHS = NO;
				CLANG_ANALYZER_NONNULL = YES;
				CLANG_ANALYZER_NUMBER_OBJECT_CONVERSION = YES_AGGRESSIVE;
				CLANG_CXX_LANGUAGE_STANDARD = "gnu++20";
				CLANG_ENABLE_MODULES = YES;
				CLANG_ENABLE_OBJC_ARC = YES;
				CLANG_ENABLE_OBJC_WEAK = YES;
				CLANG_WARN_BLOCK_CAPTURE_AUTORELEASING = YES;
				CLANG_WARN_BOOL_CONVERSION = YES;
				CLANG_WARN_COMMA = YES;
				CLANG_WARN_CONSTANT_CONVERSION = YES;
				CLANG_WARN_DEPRECATED_OBJC_IMPLEMENTATIONS = YES;
				CLANG_WARN_DIRECT_OBJC_ISA_USAGE = YES_ERROR;
				CLANG_WARN_DOCUMENTATION_COMMENTS = YES;
				CLANG_WARN_EMPTY_BODY = YES;
				CLANG_WARN_ENUM_CONVERSION = YES;
				CLANG_WARN_INFINITE_RECURSION = YES;
				CLANG_WARN_INT_CONVERSION = YES;
				CLANG_WARN_NON_LITERAL_NULL_CONVERSION = YES;
				CLANG_WARN_OBJC_IMPLICIT_RETAIN_SELF = YES;
				CLANG_WARN_OBJC_LITERAL_CONVERSION = YES;
				CLANG_WARN_OBJC_ROOT_CLASS = YES_ERROR;
				CLANG_WARN_QUOTED_INCLUDE_IN_FRAMEWORK_HEADER = YES;
				CLANG_WARN_RANGE_LOOP_ANALYSIS = YES;
				CLANG_WARN_STRICT_PROTOTYPES = YES;
				CLANG_WARN_SUSPICIOUS_MOVE = YES;
				CLANG_WARN_UNGUARDED_AVAILABILITY = YES_AGGRESSIVE;
				CLANG_WARN_UNREACHABLE_CODE = YES;
				CLANG_WARN__DUPLICATE_METHOD_MATCH = YES;
				COPY_PHASE_STRIP = NO;
				DEBUG_INFORMATION_FORMAT = dwarf;
				ENABLE_STRICT_OBJC_MSGSEND = YES;
				ENABLE_TESTABILITY = YES;
				GCC_C_LANGUAGE_STANDARD = gnu11;
				GCC_DYNAMIC_NO_PIC = NO;
				GCC_NO_COMMON_BLOCKS = YES;
				GCC_OPTIMIZATION_LEVEL = 0;
				GCC_PREPROCESSOR_DEFINITIONS = (
					"DEBUG=1",
					"$(inherited)",
				);
				GCC_WARN_64_TO_32_BIT_CONVERSION = YES;
				GCC_WARN_ABOUT_RETURN_TYPE = YES_ERROR;
				GCC_WARN_UNDECLARED_SELECTOR = YES;
				GCC_WARN_UNINITIALIZED_AUTOS = YES_AGGRESSIVE;
				GCC_WARN_UNUSED_FUNCTION = YES;
				GCC_WARN_UNUSED_VARIABLE = YES;
				IPHONEOS_DEPLOYMENT_TARGET = 16.4;
				MTL_ENABLE_DEBUG_INFO = INCLUDE_SOURCE;
				MTL_FAST_MATH = YES;
				ONLY_ACTIVE_ARCH = YES;
				SDKROOT = iphoneos;
				SWIFT_ACTIVE_COMPILATION_CONDITIONS = DEBUG;
				SWIFT_OPTIMIZATION_LEVEL = "-Onone";
			};
			name = Debug;
		};
		23B77FE52A5670B600656233 /* Release */ = {
			isa = XCBuildConfiguration;
			buildSettings = {
				ALWAYS_SEARCH_USER_PATHS = NO;
				CLANG_ANALYZER_NONNULL = YES;
				CLANG_ANALYZER_NUMBER_OBJECT_CONVERSION = YES_AGGRESSIVE;
				CLANG_CXX_LANGUAGE_STANDARD = "gnu++20";
				CLANG_ENABLE_MODULES = YES;
				CLANG_ENABLE_OBJC_ARC = YES;
				CLANG_ENABLE_OBJC_WEAK = YES;
				CLANG_WARN_BLOCK_CAPTURE_AUTORELEASING = YES;
				CLANG_WARN_BOOL_CONVERSION = YES;
				CLANG_WARN_COMMA = YES;
				CLANG_WARN_CONSTANT_CONVERSION = YES;
				CLANG_WARN_DEPRECATED_OBJC_IMPLEMENTATIONS = YES;
				CLANG_WARN_DIRECT_OBJC_ISA_USAGE = YES_ERROR;
				CLANG_WARN_DOCUMENTATION_COMMENTS = YES;
				CLANG_WARN_EMPTY_BODY = YES;
				CLANG_WARN_ENUM_CONVERSION = YES;
				CLANG_WARN_INFINITE_RECURSION = YES;
				CLANG_WARN_INT_CONVERSION = YES;
				CLANG_WARN_NON_LITERAL_NULL_CONVERSION = YES;
				CLANG_WARN_OBJC_IMPLICIT_RETAIN_SELF = YES;
				CLANG_WARN_OBJC_LITERAL_CONVERSION = YES;
				CLANG_WARN_OBJC_ROOT_CLASS = YES_ERROR;
				CLANG_WARN_QUOTED_INCLUDE_IN_FRAMEWORK_HEADER = YES;
				CLANG_WARN_RANGE_LOOP_ANALYSIS = YES;
				CLANG_WARN_STRICT_PROTOTYPES = YES;
				CLANG_WARN_SUSPICIOUS_MOVE = YES;
				CLANG_WARN_UNGUARDED_AVAILABILITY = YES_AGGRESSIVE;
				CLANG_WARN_UNREACHABLE_CODE = YES;
				CLANG_WARN__DUPLICATE_METHOD_MATCH = YES;
				COPY_PHASE_STRIP = NO;
				DEBUG_INFORMATION_FORMAT = "dwarf-with-dsym";
				ENABLE_NS_ASSERTIONS = NO;
				ENABLE_STRICT_OBJC_MSGSEND = YES;
				GCC_C_LANGUAGE_STANDARD = gnu11;
				GCC_NO_COMMON_BLOCKS = YES;
				GCC_WARN_64_TO_32_BIT_CONVERSION = YES;
				GCC_WARN_ABOUT_RETURN_TYPE = YES_ERROR;
				GCC_WARN_UNDECLARED_SELECTOR = YES;
				GCC_WARN_UNINITIALIZED_AUTOS = YES_AGGRESSIVE;
				GCC_WARN_UNUSED_FUNCTION = YES;
				GCC_WARN_UNUSED_VARIABLE = YES;
				IPHONEOS_DEPLOYMENT_TARGET = 16.4;
				MTL_ENABLE_DEBUG_INFO = NO;
				MTL_FAST_MATH = YES;
				SDKROOT = iphoneos;
				SWIFT_COMPILATION_MODE = wholemodule;
				SWIFT_OPTIMIZATION_LEVEL = "-O";
				VALIDATE_PRODUCT = YES;
			};
			name = Release;
		};
		23B77FE72A5670B600656233 /* Debug */ = {
			isa = XCBuildConfiguration;
			buildSettings = {
				ASSETCATALOG_COMPILER_APPICON_NAME = AppIcon;
				ASSETCATALOG_COMPILER_GLOBAL_ACCENT_COLOR_NAME = AccentColor;
				CODE_SIGN_STYLE = Automatic;
				CURRENT_PROJECT_VERSION = 1;
				GENERATE_INFOPLIST_FILE = YES;
				INFOPLIST_FILE = CameraPhotoLibrary/Info.plist;
				INFOPLIST_KEY_UIApplicationSupportsIndirectInputEvents = YES;
				INFOPLIST_KEY_UILaunchStoryboardName = LaunchScreen;
				INFOPLIST_KEY_UIMainStoryboardFile = Main;
				INFOPLIST_KEY_UISupportedInterfaceOrientations_iPad = "UIInterfaceOrientationPortrait UIInterfaceOrientationPortraitUpsideDown UIInterfaceOrientationLandscapeLeft UIInterfaceOrientationLandscapeRight";
				INFOPLIST_KEY_UISupportedInterfaceOrientations_iPhone = "UIInterfaceOrientationPortrait UIInterfaceOrientationLandscapeLeft UIInterfaceOrientationLandscapeRight";
				LD_RUNPATH_SEARCH_PATHS = (
					"$(inherited)",
					"@executable_path/Frameworks",
				);
				MARKETING_VERSION = 1.0;
				PRODUCT_BUNDLE_IDENTIFIER = ddwu.mobile.clover.CameraPhotoLibrary;
				PRODUCT_NAME = "$(TARGET_NAME)";
				SWIFT_EMIT_LOC_STRINGS = YES;
				SWIFT_VERSION = 5.0;
				TARGETED_DEVICE_FAMILY = "1,2";
			};
			name = Debug;
		};
		23B77FE82A5670B600656233 /* Release */ = {
			isa = XCBuildConfiguration;
			buildSettings = {
				ASSETCATALOG_COMPILER_APPICON_NAME = AppIcon;
				ASSETCATALOG_COMPILER_GLOBAL_ACCENT_COLOR_NAME = AccentColor;
				CODE_SIGN_STYLE = Automatic;
				CURRENT_PROJECT_VERSION = 1;
				GENERATE_INFOPLIST_FILE = YES;
				INFOPLIST_FILE = CameraPhotoLibrary/Info.plist;
				INFOPLIST_KEY_UIApplicationSupportsIndirectInputEvents = YES;
				INFOPLIST_KEY_UILaunchStoryboardName = LaunchScreen;
				INFOPLIST_KEY_UIMainStoryboardFile = Main;
				INFOPLIST_KEY_UISupportedInterfaceOrientations_iPad = "UIInterfaceOrientationPortrait UIInterfaceOrientationPortraitUpsideDown UIInterfaceOrientationLandscapeLeft UIInterfaceOrientationLandscapeRight";
				INFOPLIST_KEY_UISupportedInterfaceOrientations_iPhone = "UIInterfaceOrientationPortrait UIInterfaceOrientationLandscapeLeft UIInterfaceOrientationLandscapeRight";
				LD_RUNPATH_SEARCH_PATHS = (
					"$(inherited)",
					"@executable_path/Frameworks",
				);
				MARKETING_VERSION = 1.0;
				PRODUCT_BUNDLE_IDENTIFIER = ddwu.mobile.clover.CameraPhotoLibrary;
				PRODUCT_NAME = "$(TARGET_NAME)";
				SWIFT_EMIT_LOC_STRINGS = YES;
				SWIFT_VERSION = 5.0;
				TARGETED_DEVICE_FAMILY = "1,2";
			};
			name = Release;
		};
		23B77FEA2A5670B600656233 /* Debug */ = {
			isa = XCBuildConfiguration;
			buildSettings = {
				ALWAYS_EMBED_SWIFT_STANDARD_LIBRARIES = YES;
				BUNDLE_LOADER = "$(TEST_HOST)";
				CODE_SIGN_STYLE = Automatic;
				CURRENT_PROJECT_VERSION = 1;
				GENERATE_INFOPLIST_FILE = YES;
				IPHONEOS_DEPLOYMENT_TARGET = 16.4;
				MARKETING_VERSION = 1.0;
				PRODUCT_BUNDLE_IDENTIFIER = ddwu.mobile.clover.CameraPhotoLibraryTests;
				PRODUCT_NAME = "$(TARGET_NAME)";
				SWIFT_EMIT_LOC_STRINGS = NO;
				SWIFT_VERSION = 5.0;
				TARGETED_DEVICE_FAMILY = "1,2";
				TEST_HOST = "$(BUILT_PRODUCTS_DIR)/CameraPhotoLibrary.app/$(BUNDLE_EXECUTABLE_FOLDER_PATH)/CameraPhotoLibrary";
			};
			name = Debug;
		};
		23B77FEB2A5670B600656233 /* Release */ = {
			isa = XCBuildConfiguration;
			buildSettings = {
				ALWAYS_EMBED_SWIFT_STANDARD_LIBRARIES = YES;
				BUNDLE_LOADER = "$(TEST_HOST)";
				CODE_SIGN_STYLE = Automatic;
				CURRENT_PROJECT_VERSION = 1;
				GENERATE_INFOPLIST_FILE = YES;
				IPHONEOS_DEPLOYMENT_TARGET = 16.4;
				MARKETING_VERSION = 1.0;
				PRODUCT_BUNDLE_IDENTIFIER = ddwu.mobile.clover.CameraPhotoLibraryTests;
				PRODUCT_NAME = "$(TARGET_NAME)";
				SWIFT_EMIT_LOC_STRINGS = NO;
				SWIFT_VERSION = 5.0;
				TARGETED_DEVICE_FAMILY = "1,2";
				TEST_HOST = "$(BUILT_PRODUCTS_DIR)/CameraPhotoLibrary.app/$(BUNDLE_EXECUTABLE_FOLDER_PATH)/CameraPhotoLibrary";
			};
			name = Release;
		};
		23B77FED2A5670B600656233 /* Debug */ = {
			isa = XCBuildConfiguration;
			buildSettings = {
				ALWAYS_EMBED_SWIFT_STANDARD_LIBRARIES = YES;
				CODE_SIGN_STYLE = Automatic;
				CURRENT_PROJECT_VERSION = 1;
				GENERATE_INFOPLIST_FILE = YES;
				MARKETING_VERSION = 1.0;
				PRODUCT_BUNDLE_IDENTIFIER = ddwu.mobile.clover.CameraPhotoLibraryUITests;
				PRODUCT_NAME = "$(TARGET_NAME)";
				SWIFT_EMIT_LOC_STRINGS = NO;
				SWIFT_VERSION = 5.0;
				TARGETED_DEVICE_FAMILY = "1,2";
				TEST_TARGET_NAME = CameraPhotoLibrary;
			};
			name = Debug;
		};
		23B77FEE2A5670B600656233 /* Release */ = {
			isa = XCBuildConfiguration;
			buildSettings = {
				ALWAYS_EMBED_SWIFT_STANDARD_LIBRARIES = YES;
				CODE_SIGN_STYLE = Automatic;
				CURRENT_PROJECT_VERSION = 1;
				GENERATE_INFOPLIST_FILE = YES;
				MARKETING_VERSION = 1.0;
				PRODUCT_BUNDLE_IDENTIFIER = ddwu.mobile.clover.CameraPhotoLibraryUITests;
				PRODUCT_NAME = "$(TARGET_NAME)";
				SWIFT_EMIT_LOC_STRINGS = NO;
				SWIFT_VERSION = 5.0;
				TARGETED_DEVICE_FAMILY = "1,2";
				TEST_TARGET_NAME = CameraPhotoLibrary;
			};
			name = Release;
		};
/* End XCBuildConfiguration section */

/* Begin XCConfigurationList section */
		23B77FB72A5670B500656233 /* Build configuration list for PBXProject "CameraPhotoLibrary" */ = {
			isa = XCConfigurationList;
			buildConfigurations = (
				23B77FE42A5670B600656233 /* Debug */,
				23B77FE52A5670B600656233 /* Release */,
			);
			defaultConfigurationIsVisible = 0;
			defaultConfigurationName = Release;
		};
		23B77FE62A5670B600656233 /* Build configuration list for PBXNativeTarget "CameraPhotoLibrary" */ = {
			isa = XCConfigurationList;
			buildConfigurations = (
				23B77FE72A5670B600656233 /* Debug */,
				23B77FE82A5670B600656233 /* Release */,
			);
			defaultConfigurationIsVisible = 0;
			defaultConfigurationName = Release;
		};
		23B77FE92A5670B600656233 /* Build configuration list for PBXNativeTarget "CameraPhotoLibraryTests" */ = {
			isa = XCConfigurationList;
			buildConfigurations = (
				23B77FEA2A5670B600656233 /* Debug */,
				23B77FEB2A5670B600656233 /* Release */,
			);
			defaultConfigurationIsVisible = 0;
			defaultConfigurationName = Release;
		};
		23B77FEC2A5670B600656233 /* Build configuration list for PBXNativeTarget "CameraPhotoLibraryUITests" */ = {
			isa = XCConfigurationList;
			buildConfigurations = (
				23B77FED2A5670B600656233 /* Debug */,
				23B77FEE2A5670B600656233 /* Release */,
			);
			defaultConfigurationIsVisible = 0;
			defaultConfigurationName = Release;
		};
/* End XCConfigurationList section */
	};
	rootObject = 23B77FB42A5670B500656233 /* Project object */;
}
